
Microsoft Visual Studio Solution File, Format Version 12.00
# Visual Studio Version 17
VisualStudioVersion = 17.1.32414.318
MinimumVisualStudioVersion = 10.0.40219.1
Project("{FAE04EC0-301F-11D3-BF4B-00C04F79EFBC}") = "FitnessReservatieApplicatie", "FitnessReservatieApplicatie\FitnessReservatieApplicatie.csproj", "{19BCB4B7-6E4D-454E-AD23-7F429E2D3012}"
EndProject
Project("{FAE04EC0-301F-11D3-BF4B-00C04F79EFBC}") = "FitnessReservatieBL", "FitnessReservatieBL\FitnessReservatieBL.csproj", "{D002F4BF-C644-4B02-B02F-6F4CB2EDBA63}"
EndProject
Project("{FAE04EC0-301F-11D3-BF4B-00C04F79EFBC}") = "FitnessReservatieDL", "FitnessReservatieDL\FitnessReservatieDL.csproj", "{E9A9DD82-2A6A-4913-B52A-AA3646339A23}"
EndProject
Project("{FAE04EC0-301F-11D3-BF4B-00C04F79EFBC}") = "xFitnessReservatieDomein", "xFitnessReservatieDomein\xFitnessReservatieDomein.csproj", "{C8B2FC0E-A3CF-4A21-9B01-8F16ED0A429F}"
EndProject
Project("{FAE04EC0-301F-11D3-BF4B-00C04F79EFBC}") = "xFitnessReservatieManager", "xFitnessReservatieManager\xFitnessReservatieManager.csproj", "{83591C9D-9B01-4DC8-8D55-B181F32B808E}"
EndProject
Global
	GlobalSection(SolutionConfigurationPlatforms) = preSolution
		Debug|Any CPU = Debug|Any CPU
		Release|Any CPU = Release|Any CPU
	EndGlobalSection
	GlobalSection(ProjectConfigurationPlatforms) = postSolution
		{19BCB4B7-6E4D-454E-AD23-7F429E2D3012}.Debug|Any CPU.ActiveCfg = Debug|Any CPU
		{19BCB4B7-6E4D-454E-AD23-7F429E2D3012}.Debug|Any CPU.Build.0 = Debug|Any CPU
		{19BCB4B7-6E4D-454E-AD23-7F429E2D3012}.Release|Any CPU.ActiveCfg = Release|Any CPU
		{19BCB4B7-6E4D-454E-AD23-7F429E2D3012}.Release|Any CPU.Build.0 = Release|Any CPU
		{D002F4BF-C644-4B02-B02F-6F4CB2EDBA63}.Debug|Any CPU.ActiveCfg = Debug|Any CPU
		{D002F4BF-C644-4B02-B02F-6F4CB2EDBA63}.Debug|Any CPU.Build.0 = Debug|Any CPU
		{D002F4BF-C644-4B02-B02F-6F4CB2EDBA63}.Release|Any CPU.ActiveCfg = Release|Any CPU
		{D002F4BF-C644-4B02-B02F-6F4CB2EDBA63}.Release|Any CPU.Build.0 = Release|Any CPU
		{E9A9DD82-2A6A-4913-B52A-AA3646339A23}.Debug|Any CPU.ActiveCfg = Debug|Any CPU
		{E9A9DD82-2A6A-4913-B52A-AA3646339A23}.Debug|Any CPU.Build.0 = Debug|Any CPU
		{E9A9DD82-2A6A-4913-B52A-AA3646339A23}.Release|Any CPU.ActiveCfg = Release|Any CPU
		{E9A9DD82-2A6A-4913-B52A-AA3646339A23}.Release|Any CPU.Build.0 = Release|Any CPU
		{C8B2FC0E-A3CF-4A21-9B01-8F16ED0A429F}.Debug|Any CPU.ActiveCfg = Debug|Any CPU
		{C8B2FC0E-A3CF-4A21-9B01-8F16ED0A429F}.Debug|Any CPU.Build.0 = Debug|Any CPU
		{C8B2FC0E-A3CF-4A21-9B01-8F16ED0A429F}.Release|Any CPU.ActiveCfg = Release|Any CPU
		{C8B2FC0E-A3CF-4A21-9B01-8F16ED0A429F}.Release|Any CPU.Build.0 = Release|Any CPU
		{83591C9D-9B01-4DC8-8D55-B181F32B808E}.Debug|Any CPU.ActiveCfg = Debug|Any CPU
		{83591C9D-9B01-4DC8-8D55-B181F32B808E}.Debug|Any CPU.Build.0 = Debug|Any CPU
		{83591C9D-9B01-4DC8-8D55-B181F32B808E}.Release|Any CPU.ActiveCfg = Release|Any CPU
		{83591C9D-9B01-4DC8-8D55-B181F32B808E}.Release|Any CPU.Build.0 = Release|Any CPU
	EndGlobalSection
	GlobalSection(SolutionProperties) = preSolution
		HideSolutionNode = FALSE
	EndGlobalSection
	GlobalSection(ExtensibilityGlobals) = postSolution
		SolutionGuid = {EE486478-D5AF-4214-92C2-481848A6282E}
	EndGlobalSection
EndGlobal
