
Microsoft Visual Studio Solution File, Format Version 12.00
# Visual Studio Version 17
VisualStudioVersion = 17.1.32414.318
MinimumVisualStudioVersion = 10.0.40219.1
Project("{9A19103F-16F7-4668-BE54-9A1E7A4F7556}") = "FitnessReservatieBL", "FitnessReservatieBL\FitnessReservatieBL.csproj", "{D002F4BF-C644-4B02-B02F-6F4CB2EDBA63}"
EndProject
Project("{9A19103F-16F7-4668-BE54-9A1E7A4F7556}") = "FitnessReservatieDL", "FitnessReservatieDL\FitnessReservatieDL.csproj", "{E9A9DD82-2A6A-4913-B52A-AA3646339A23}"
EndProject
Project("{9A19103F-16F7-4668-BE54-9A1E7A4F7556}") = "xFitnessReservatieDomein", "xFitnessReservatieDomein\xFitnessReservatieDomein.csproj", "{C8B2FC0E-A3CF-4A21-9B01-8F16ED0A429F}"
EndProject
Project("{9A19103F-16F7-4668-BE54-9A1E7A4F7556}") = "xFitnessReservatieManager", "xFitnessReservatieManager\xFitnessReservatieManager.csproj", "{83591C9D-9B01-4DC8-8D55-B181F32B808E}"
EndProject
Project("{9A19103F-16F7-4668-BE54-9A1E7A4F7556}") = "FitnessReservatie.UI", "FitnessReservatie.UI\FitnessReservatie.UI.csproj", "{3EAFA0B8-2E5C-4B59-8385-28077B161FA9}"
EndProject
Global
	GlobalSection(SolutionConfigurationPlatforms) = preSolution
		Debug|Any CPU = Debug|Any CPU
		Release|Any CPU = Release|Any CPU
	EndGlobalSection
	GlobalSection(ProjectConfigurationPlatforms) = postSolution
		{D002F4BF-C644-4B02-B02F-6F4CB2EDBA63}.Debug|Any CPU.ActiveCfg = Debug|Any CPU
		{D002F4BF-C644-4B02-B02F-6F4CB2EDBA63}.Debug|Any CPU.Build.0 = Debug|Any CPU
		{D002F4BF-C644-4B02-B02F-6F4CB2EDBA63}.Release|Any CPU.ActiveCfg = Release|Any CPU
		{D002F4BF-C644-4B02-B02F-6F4CB2EDBA63}.Release|Any CPU.Build.0 = Release|Any CPU
		{E9A9DD82-2A6A-4913-B52A-AA3646339A23}.Debug|Any CPU.ActiveCfg = Debug|Any CPU
		{E9A9DD82-2A6A-4913-B52A-AA3646339A23}.Debug|Any CPU.Build.0 = Debug|Any CPU
		{E9A9DD82-2A6A-4913-B52A-AA3646339A23}.Release|Any CPU.ActiveCfg = Release|Any CPU
		{E9A9DD82-2A6A-4913-B52A-AA3646339A23}.Release|Any CPU.Build.0 = Release|Any CPU
		{C8B2FC0E-A3CF-4A21-9B01-8F16ED0A429F}.Debug|Any CPU.ActiveCfg = Debug|Any CPU
		{C8B2FC0E-A3CF-4A21-9B01-8F16ED0A429F}.Debug|Any CPU.Build.0 = Debug|Any CPU
		{C8B2FC0E-A3CF-4A21-9B01-8F16ED0A429F}.Release|Any CPU.ActiveCfg = Release|Any CPU
		{C8B2FC0E-A3CF-4A21-9B01-8F16ED0A429F}.Release|Any CPU.Build.0 = Release|Any CPU
		{83591C9D-9B01-4DC8-8D55-B181F32B808E}.Debug|Any CPU.ActiveCfg = Debug|Any CPU
		{83591C9D-9B01-4DC8-8D55-B181F32B808E}.Debug|Any CPU.Build.0 = Debug|Any CPU
		{83591C9D-9B01-4DC8-8D55-B181F32B808E}.Release|Any CPU.ActiveCfg = Release|Any CPU
		{83591C9D-9B01-4DC8-8D55-B181F32B808E}.Release|Any CPU.Build.0 = Release|Any CPU
		{3EAFA0B8-2E5C-4B59-8385-28077B161FA9}.Debug|Any CPU.ActiveCfg = Debug|Any CPU
		{3EAFA0B8-2E5C-4B59-8385-28077B161FA9}.Debug|Any CPU.Build.0 = Debug|Any CPU
		{3EAFA0B8-2E5C-4B59-8385-28077B161FA9}.Release|Any CPU.ActiveCfg = Release|Any CPU
		{3EAFA0B8-2E5C-4B59-8385-28077B161FA9}.Release|Any CPU.Build.0 = Release|Any CPU
	EndGlobalSection
	GlobalSection(SolutionProperties) = preSolution
		HideSolutionNode = FALSE
	EndGlobalSection
	GlobalSection(ExtensibilityGlobals) = postSolution
		SolutionGuid = {EE486478-D5AF-4214-92C2-481848A6282E}
	EndGlobalSection
EndGlobal
